{
  "name": "tensorlake-typescript-http-body-example",
  "lockfileVersion": 3,
  "requires": true,
  "packages": {
    "": {
      "name": "tensorlake-typescript-http-body-example",
      "dependencies": {
        "tensorlake": "file:../.."
      },
      "devDependencies": {
        "typescript": "^5.8.0"
      },
      "engines": {
        "node": ">=24.0.0"
      }
    },
    "../..": {
      "name": "tensorlake",
      "version": "0.5.74",
      "license": "Apache-2.0",
      "dependencies": {
        "@grpc/grpc-js": "^1.13.0",
        "@grpc/proto-loader": "^0.8.0",
        "ajv": "^8.17.1",
        "fflate": "^0.8.2",
        "google-proto-files": "^5.0.2",
        "undici": "^8.7.0",
        "ws": "^8.21.1"
      },
      "bin": {
        "function-executor": "bin/function-executor.js",
        "tensorlake-create-sandbox-image": "bin/tensorlake-create-sandbox-image.js",
        "tensorlake-deploy": "bin/tensorlake-deploy.cjs",
        "tensorlake-import-sandbox-image": "bin/tensorlake-import-sandbox-image.js"
      },
      "devDependencies": {
        "@eslint/js": "^9.39.4",
        "@types/node": "^24.0.0",
        "@types/ws": "^8.18.1",
        "eslint": "^9.0.0",
        "tsup": "^8.0.0",
        "typescript": "^5.8.0",
        "typescript-eslint": "^8.65.0",
        "vitest": "^2.0.0"
      },
      "engines": {
        "node": ">=22.0.0"
      }
    },
    "node_modules/tensorlake": {
      "resolved": "../..",
      "link": true
    },
    "node_modules/typescript": {
      "version": "5.9.3",
      "resolved": "https://registry.npmjs.org/typescript/-/typescript-5.9.3.tgz",
      "integrity": "sha512-jl1vZzPDinLr9eUt3J/t7V6FgNEw9QjvBPdysz9KfQDD41fQrC2Y4vKQdiaUpFT4bXlb1RHhLpp8wtm6M5TgSw==",
      "dev": true,
      "license": "Apache-2.0",
      "bin": {
        "tsc": "bin/tsc",
        "tsserver": "bin/tsserver"
      },
      "engines": {
        "node": ">=14.17"
      }
    }
  }
}
